
Microsoft Visual Studio Solution File, Format Version 12.00
# Visual Studio Version 16
VisualStudioVersion = 16.0.29709.97
MinimumVisualStudioVersion = 10.0.40219.1
Project("{9A19103F-16F7-4668-BE54-9A1E7A4F7556}") = "restapi", "restapi.csproj", "{D863BD93-E43F-448D-9C35-422FD1652D19}"
EndProject
Global
	GlobalSection(SolutionConfigurationPlatforms) = preSolution
		Debug|Any CPU = Debug|Any CPU
		Release|Any CPU = Release|Any CPU
	EndGlobalSection
	GlobalSection(ProjectConfigurationPlatforms) = postSolution
		{D863BD93-E43F-448D-9C35-422FD1652D19}.Debug|Any CPU.ActiveCfg = Debug|Any CPU
		{D863BD93-E43F-448D-9C35-422FD1652D19}.Debug|Any CPU.Build.0 = Debug|Any CPU
		{D863BD93-E43F-448D-9C35-422FD1652D19}.Release|Any CPU.ActiveCfg = Release|Any CPU
		{D863BD93-E43F-448D-9C35-422FD1652D19}.Release|Any CPU.Build.0 = Release|Any CPU
	EndGlobalSection
	GlobalSection(SolutionProperties) = preSolution
		HideSolutionNode = FALSE
	EndGlobalSection
	GlobalSection(ExtensibilityGlobals) = postSolution
		SolutionGuid = {19D13E8D-69F7-49F8-8199-C25AB7F45E5C}
	EndGlobalSection
EndGlobal
